
Microsoft Visual Studio Solution File, Format Version 12.00
# Visual Studio Version 17
VisualStudioVersion = 17.8.34330.188
MinimumVisualStudioVersion = 10.0.40219.1
Project("{FAE04EC0-301F-11D3-BF4B-00C04F79EFBC}") = "area_quadrado", "area_quadrado\area_quadrado.csproj", "{09BD5935-9127-47E5-99C4-BCFE64DA9388}"
EndProject
Global
	GlobalSection(SolutionConfigurationPlatforms) = preSolution
		Debug|Any CPU = Debug|Any CPU
		Release|Any CPU = Release|Any CPU
	EndGlobalSection
	GlobalSection(ProjectConfigurationPlatforms) = postSolution
		{09BD5935-9127-47E5-99C4-BCFE64DA9388}.Debug|Any CPU.ActiveCfg = Debug|Any CPU
		{09BD5935-9127-47E5-99C4-BCFE64DA9388}.Debug|Any CPU.Build.0 = Debug|Any CPU
		{09BD5935-9127-47E5-99C4-BCFE64DA9388}.Release|Any CPU.ActiveCfg = Release|Any CPU
		{09BD5935-9127-47E5-99C4-BCFE64DA9388}.Release|Any CPU.Build.0 = Release|Any CPU
	EndGlobalSection
	GlobalSection(SolutionProperties) = preSolution
		HideSolutionNode = FALSE
	EndGlobalSection
	GlobalSection(ExtensibilityGlobals) = postSolution
		SolutionGuid = {F9FC4AB6-938F-4EE0-A459-6A003C1DC726}
	EndGlobalSection
EndGlobal
